{"format_version":"1.0","provider_schemas":{"registry.terraform.io/appclacks/appclacks":{"provider":{"version":0,"block":{"attributes":{"api_url":{"type":"string","description_kind":"plain","optional":true},"organization_id":{"type":"string","description":"The organization ID to use for the Appclacks API","description_kind":"plain","optional":true,"sensitive":true},"token":{"type":"string","description":"The token to use for the Appclacks API","description_kind":"plain","optional":true,"sensitive":true}},"description_kind":"plain"}},"resource_schemas":{"appclacks_healthcheck_command":{"version":0,"block":{"attributes":{"arguments":{"type":["set","string"],"description":"Command arguments","description_kind":"plain","optional":true},"command":{"type":"string","description":"Health check command","description_kind":"plain","required":true},"description":{"type":"string","description":"Health check description","description_kind":"plain","optional":true},"id":{"type":"string","description_kind":"plain","optional":true,"computed":true},"interval":{"type":"string","description":"Health check interval (example: 30s)","description_kind":"plain","optional":true},"labels":{"type":["map","string"],"description":"Health check labels","description_kind":"plain","optional":true},"name":{"type":"string","description":"Health check name","description_kind":"plain","required":true},"timeout":{"type":"string","description":"Health check timeout (example: 5s)","description_kind":"plain","optional":true}},"block_types":{"timeouts":{"nesting_mode":"single","block":{"attributes":{"create":{"type":"string","description_kind":"plain","optional":true},"delete":{"type":"string","description_kind":"plain","optional":true},"read":{"type":"string","description_kind":"plain","optional":true},"update":{"type":"string","description_kind":"plain","optional":true}},"description_kind":"plain"}}},"description":"Execute an arbitrary shell command","description_kind":"plain"}},"appclacks_healthcheck_dns":{"version":0,"block":{"attributes":{"description":{"type":"string","description":"Health check description","description_kind":"plain","optional":true},"domain":{"type":"string","description":"Domain to check","description_kind":"plain","required":true},"enabled":{"type":"bool","description":"Enable the health check on the Appclacks platform","description_kind":"plain","optional":true},"expected_ips":{"type":["set","string"],"description":"Expected IP addresses in the answer","description_kind":"plain","optional":true},"id":{"type":"string","description_kind":"plain","optional":true,"computed":true},"interval":{"type":"string","description":"Health check interval (example: 30s)","description_kind":"plain","optional":true},"labels":{"type":["map","string"],"description":"Health check labels","description_kind":"plain","optional":true},"name":{"type":"string","description":"Health check name","description_kind":"plain","required":true},"timeout":{"type":"string","description":"Health check timeout (example: 5s)","description_kind":"plain","optional":true}},"block_types":{"timeouts":{"nesting_mode":"single","block":{"attributes":{"create":{"type":"string","description_kind":"plain","optional":true},"delete":{"type":"string","description_kind":"plain","optional":true},"read":{"type":"string","description_kind":"plain","optional":true},"update":{"type":"string","description_kind":"plain","optional":true}},"description_kind":"plain"}}},"description":"Execute a DNS query and optionally verify the request answer","description_kind":"plain"}},"appclacks_healthcheck_http":{"version":0,"block":{"attributes":{"body":{"type":"string","description":"Health check request HTTP body","description_kind":"plain","optional":true},"body_regexp":{"type":["set","string"],"description":"A list of regular expression which will be executed against the response body","description_kind":"plain","optional":true},"cacert":{"type":"string","description":"TLS cacert file to use for the TLS connection","description_kind":"plain","optional":true},"cert":{"type":"string","description":"TLS cert file to use for the TLS connection","description_kind":"plain","optional":true},"description":{"type":"string","description":"Health check description","description_kind":"plain","optional":true},"enabled":{"type":"bool","description":"Enable the health check on the Appclacks platform","description_kind":"plain","optional":true},"headers":{"type":["map","string"],"description":"Health check request HTTP headers","description_kind":"plain","optional":true},"id":{"type":"string","description_kind":"plain","optional":true,"computed":true},"interval":{"type":"string","description":"Health check interval (example: 30s)","description_kind":"plain","optional":true},"key":{"type":"string","description":"TLS key file to use for the TLS connection","description_kind":"plain","optional":true},"labels":{"type":["map","string"],"description":"Health check labels","description_kind":"plain","optional":true},"method":{"type":"string","description":"Health check HTTP method","description_kind":"plain","optional":true},"name":{"type":"string","description":"Health check name","description_kind":"plain","required":true},"path":{"type":"string","description":"Health check request HTTP path","description_kind":"plain","optional":true},"port":{"type":"number","description":"Health check port","description_kind":"plain","required":true},"protocol":{"type":"string","description":"Health check protocol to use (http or https)","description_kind":"plain","optional":true},"redirect":{"type":"bool","description":"Follow redirections","description_kind":"plain","optional":true},"target":{"type":"string","description":"Health check target (can be a domain or an IP address)","description_kind":"plain","required":true},"timeout":{"type":"string","description":"Health check timeout (example: 5s)","description_kind":"plain","optional":true},"valid_status":{"type":["set","number"],"description":"Expected status code(s) for the HTTP response","description_kind":"plain","required":true}},"block_types":{"timeouts":{"nesting_mode":"single","block":{"attributes":{"create":{"type":"string","description_kind":"plain","optional":true},"delete":{"type":"string","description_kind":"plain","optional":true},"read":{"type":"string","description_kind":"plain","optional":true},"update":{"type":"string","description_kind":"plain","optional":true}},"description_kind":"plain"}}},"description":"Execute an HTTP request on the target","description_kind":"plain"}},"appclacks_healthcheck_tcp":{"version":0,"block":{"attributes":{"description":{"type":"string","description":"Health check description","description_kind":"plain","optional":true},"enabled":{"type":"bool","description":"Enable the health check on the Appclacks platform","description_kind":"plain","optional":true},"id":{"type":"string","description_kind":"plain","optional":true,"computed":true},"interval":{"type":"string","description":"Health check interval (example: 30s)","description_kind":"plain","optional":true},"labels":{"type":["map","string"],"description":"Health check labels","description_kind":"plain","optional":true},"name":{"type":"string","description":"Health check name","description_kind":"plain","required":true},"port":{"type":"number","description":"Health check port","description_kind":"plain","required":true},"should_fail":{"type":"bool","description":"If set to true, the health check will be considered successful if the TCP connection fails","description_kind":"plain","optional":true},"target":{"type":"string","description":"Health check target (can be a domain or an IP address)","description_kind":"plain","required":true},"timeout":{"type":"string","description":"Health check timeout (example: 5s)","description_kind":"plain","optional":true}},"block_types":{"timeouts":{"nesting_mode":"single","block":{"attributes":{"create":{"type":"string","description_kind":"plain","optional":true},"delete":{"type":"string","description_kind":"plain","optional":true},"read":{"type":"string","description_kind":"plain","optional":true},"update":{"type":"string","description_kind":"plain","optional":true}},"description_kind":"plain"}}},"description":"Create a TCP connection on the target","description_kind":"plain"}},"appclacks_healthcheck_tls":{"version":0,"block":{"attributes":{"cacert":{"type":"string","description":"TLS cacert file to use for the TLS connection","description_kind":"plain","optional":true},"cert":{"type":"string","description":"TLS cert file to use for the TLS connection","description_kind":"plain","optional":true},"description":{"type":"string","description":"Health check description","description_kind":"plain","optional":true},"enabled":{"type":"bool","description":"Enable the health check on the Appclacks platform","description_kind":"plain","optional":true},"expiration_delay":{"type":"string","description":"The health check will be considered failed if hte certificate expires is less than this duration (for example: 168h)","description_kind":"plain","optional":true},"id":{"type":"string","description_kind":"plain","optional":true,"computed":true},"insecure":{"type":"bool","description":"Accept insecure TLS connections","description_kind":"plain","optional":true},"interval":{"type":"string","description":"Health check interval (example: 30s)","description_kind":"plain","optional":true},"key":{"type":"string","description":"TLS key file to use for the TLS connection","description_kind":"plain","optional":true},"labels":{"type":["map","string"],"description":"Health check labels","description_kind":"plain","optional":true},"name":{"type":"string","description":"Health check name","description_kind":"plain","required":true},"port":{"type":"number","description":"Health check port","description_kind":"plain","required":true},"server_name":{"type":"string","description":"Server name to use for the TLS connection. Mandatory if insecure is not set.","description_kind":"plain","optional":true},"target":{"type":"string","description":"Health check target (can be a domain or an IP address)","description_kind":"plain","required":true},"timeout":{"type":"string","description":"Health check timeout (example: 5s)","description_kind":"plain","optional":true}},"block_types":{"timeouts":{"nesting_mode":"single","block":{"attributes":{"create":{"type":"string","description_kind":"plain","optional":true},"delete":{"type":"string","description_kind":"plain","optional":true},"read":{"type":"string","description_kind":"plain","optional":true},"update":{"type":"string","description_kind":"plain","optional":true}},"description_kind":"plain"}}},"description":"Create a TLS connection on the target","description_kind":"plain"}}}}}}
